// !$*UTF8*$!
{
	archiveVersion = 1;
	classes = {
	};
	objectVersion = 55;
	objects = {

/* Begin PBXBuildFile section */
		CBCB705D28AF5DB0003DF9D6 /* Tests_iOS.swift in Sources */ = {isa = PBXBuildFile; fileRef = CBCB705C28AF5DB0003DF9D6 /* Tests_iOS.swift */; };
		CBCB705F28AF5DB0003DF9D6 /* Tests_iOSLaunchTests.swift in Sources */ = {isa = PBXBuildFile; fileRef = CBCB705E28AF5DB0003DF9D6 /* Tests_iOSLaunchTests.swift */; };
		CBCB706928AF5DB0003DF9D6 /* Tests_macOS.swift in Sources */ = {isa = PBXBuildFile; fileRef = CBCB706828AF5DB0003DF9D6 /* Tests_macOS.swift */; };
		CBCB706B28AF5DB0003DF9D6 /* Tests_macOSLaunchTests.swift in Sources */ = {isa = PBXBuildFile; fileRef = CBCB706A28AF5DB0003DF9D6 /* Tests_macOSLaunchTests.swift */; };
		CBCB706C28AF5DB0003DF9D6 /* mealtimeApp.swift in Sources */ = {isa = PBXBuildFile; fileRef = CBCB704428AF5DAA003DF9D6 /* mealtimeApp.swift */; };
		CBCB706D28AF5DB0003DF9D6 /* mealtimeApp.swift in Sources */ = {isa = PBXBuildFile; fileRef = CBCB704428AF5DAA003DF9D6 /* mealtimeApp.swift */; };
		CBCB706E28AF5DB0003DF9D6 /* ContentView.swift in Sources */ = {isa = PBXBuildFile; fileRef = CBCB704528AF5DAA003DF9D6 /* ContentView.swift */; };
		CBCB706F28AF5DB0003DF9D6 /* ContentView.swift in Sources */ = {isa = PBXBuildFile; fileRef = CBCB704528AF5DAA003DF9D6 /* ContentView.swift */; };
		CBCB707028AF5DB0003DF9D6 /* Assets.xcassets in Resources */ = {isa = PBXBuildFile; fileRef = CBCB704628AF5DB0003DF9D6 /* Assets.xcassets */; };
		CBCB707128AF5DB0003DF9D6 /* Assets.xcassets in Resources */ = {isa = PBXBuildFile; fileRef = CBCB704628AF5DB0003DF9D6 /* Assets.xcassets */; };
/* End PBXBuildFile section */

/* Begin PBXContainerItemProxy section */
		CBCB705928AF5DB0003DF9D6 /* PBXContainerItemProxy */ = {
			isa = PBXContainerItemProxy;
			containerPortal = CBCB703F28AF5DAA003DF9D6 /* Project object */;
			proxyType = 1;
			remoteGlobalIDString = CBCB704A28AF5DB0003DF9D6;
			remoteInfo = "mealtime (iOS)";
		};
		CBCB706528AF5DB0003DF9D6 /* PBXContainerItemProxy */ = {
			isa = PBXContainerItemProxy;
			containerPortal = CBCB703F28AF5DAA003DF9D6 /* Project object */;
			proxyType = 1;
			remoteGlobalIDString = CBCB705028AF5DB0003DF9D6;
			remoteInfo = "mealtime (macOS)";
		};
/* End PBXContainerItemProxy section */

/* Begin PBXFileReference section */
		CBCB704428AF5DAA003DF9D6 /* mealtimeApp.swift */ = {isa = PBXFileReference; lastKnownFileType = sourcecode.swift; path = mealtimeApp.swift; sourceTree = "<group>"; };
		CBCB704528AF5DAA003DF9D6 /* ContentView.swift */ = {isa = PBXFileReference; lastKnownFileType = sourcecode.swift; path = ContentView.swift; sourceTree = "<group>"; };
		CBCB704628AF5DB0003DF9D6 /* Assets.xcassets */ = {isa = PBXFileReference; lastKnownFileType = folder.assetcatalog; path = Assets.xcassets; sourceTree = "<group>"; };
		CBCB704B28AF5DB0003DF9D6 /* mealtime.app */ = {isa = PBXFileReference; explicitFileType = wrapper.application; includeInIndex = 0; path = mealtime.app; sourceTree = BUILT_PRODUCTS_DIR; };
		CBCB705128AF5DB0003DF9D6 /* mealtime.app */ = {isa = PBXFileReference; explicitFileType = wrapper.application; includeInIndex = 0; path = mealtime.app; sourceTree = BUILT_PRODUCTS_DIR; };
		CBCB705328AF5DB0003DF9D6 /* macOS.entitlements */ = {isa = PBXFileReference; lastKnownFileType = text.plist.entitlements; path = macOS.entitlements; sourceTree = "<group>"; };
		CBCB705828AF5DB0003DF9D6 /* Tests iOS.xctest */ = {isa = PBXFileReference; explicitFileType = wrapper.cfbundle; includeInIndex = 0; path = "Tests iOS.xctest"; sourceTree = BUILT_PRODUCTS_DIR; };
		CBCB705C28AF5DB0003DF9D6 /* Tests_iOS.swift */ = {isa = PBXFileReference; lastKnownFileType = sourcecode.swift; path = Tests_iOS.swift; sourceTree = "<group>"; };
		CBCB705E28AF5DB0003DF9D6 /* Tests_iOSLaunchTests.swift */ = {isa = PBXFileReference; lastKnownFileType = sourcecode.swift; path = Tests_iOSLaunchTests.swift; sourceTree = "<group>"; };
		CBCB706428AF5DB0003DF9D6 /* Tests macOS.xctest */ = {isa = PBXFileReference; explicitFileType = wrapper.cfbundle; includeInIndex = 0; path = "Tests macOS.xctest"; sourceTree = BUILT_PRODUCTS_DIR; };
		CBCB706828AF5DB0003DF9D6 /* Tests_macOS.swift */ = {isa = PBXFileReference; lastKnownFileType = sourcecode.swift; path = Tests_macOS.swift; sourceTree = "<group>"; };
		CBCB706A28AF5DB0003DF9D6 /* Tests_macOSLaunchTests.swift */ = {isa = PBXFileReference; lastKnownFileType = sourcecode.swift; path = Tests_macOSLaunchTests.swift; sourceTree = "<group>"; };
/* End PBXFileReference section */

/* Begin PBXFrameworksBuildPhase section */
		CBCB704828AF5DB0003DF9D6 /* Frameworks */ = {
			isa = PBXFrameworksBuildPhase;
			buildActionMask = 2147483647;
			files = (
			);
			runOnlyForDeploymentPostprocessing = 0;
		};
		CBCB704E28AF5DB0003DF9D6 /* Frameworks */ = {
			isa = PBXFrameworksBuildPhase;
			buildActionMask = 2147483647;
			files = (
			);
			runOnlyForDeploymentPostprocessing = 0;
		};
		CBCB705528AF5DB0003DF9D6 /* Frameworks */ = {
			isa = PBXFrameworksBuildPhase;
			buildActionMask = 2147483647;
			files = (
			);
			runOnlyForDeploymentPostprocessing = 0;
		};
		CBCB706128AF5DB0003DF9D6 /* Frameworks */ = {
			isa = PBXFrameworksBuildPhase;
			buildActionMask = 2147483647;
			files = (
			);
			runOnlyForDeploymentPostprocessing = 0;
		};
/* End PBXFrameworksBuildPhase section */

/* Begin PBXGroup section */
		CBCB703E28AF5DAA003DF9D6 = {
			isa = PBXGroup;
			children = (
				CBCB704328AF5DAA003DF9D6 /* Shared */,
				CBCB705228AF5DB0003DF9D6 /* macOS */,
				CBCB705B28AF5DB0003DF9D6 /* Tests iOS */,
				CBCB706728AF5DB0003DF9D6 /* Tests macOS */,
				CBCB704C28AF5DB0003DF9D6 /* Products */,
			);
			sourceTree = "<group>";
		};
		CBCB704328AF5DAA003DF9D6 /* Shared */ = {
			isa = PBXGroup;
			children = (
				CBCB704428AF5DAA003DF9D6 /* mealtimeApp.swift */,
				CBCB704528AF5DAA003DF9D6 /* ContentView.swift */,
				CBCB704628AF5DB0003DF9D6 /* Assets.xcassets */,
			);
			path = Shared;
			sourceTree = "<group>";
		};
		CBCB704C28AF5DB0003DF9D6 /* Products */ = {
			isa = PBXGroup;
			children = (
				CBCB704B28AF5DB0003DF9D6 /* mealtime.app */,
				CBCB705128AF5DB0003DF9D6 /* mealtime.app */,
				CBCB705828AF5DB0003DF9D6 /* Tests iOS.xctest */,
				CBCB706428AF5DB0003DF9D6 /* Tests macOS.xctest */,
			);
			name = Products;
			sourceTree = "<group>";
		};
		CBCB705228AF5DB0003DF9D6 /* macOS */ = {
			isa = PBXGroup;
			children = (
				CBCB705328AF5DB0003DF9D6 /* macOS.entitlements */,
			);
			path = macOS;
			sourceTree = "<group>";
		};
		CBCB705B28AF5DB0003DF9D6 /* Tests iOS */ = {
			isa = PBXGroup;
			children = (
				CBCB705C28AF5DB0003DF9D6 /* Tests_iOS.swift */,
				CBCB705E28AF5DB0003DF9D6 /* Tests_iOSLaunchTests.swift */,
			);
			path = "Tests iOS";
			sourceTree = "<group>";
		};
		CBCB706728AF5DB0003DF9D6 /* Tests macOS */ = {
			isa = PBXGroup;
			children = (
				CBCB706828AF5DB0003DF9D6 /* Tests_macOS.swift */,
				CBCB706A28AF5DB0003DF9D6 /* Tests_macOSLaunchTests.swift */,
			);
			path = "Tests macOS";
			sourceTree = "<group>";
		};
/* End PBXGroup section */

/* Begin PBXNativeTarget section */
		CBCB704A28AF5DB0003DF9D6 /* mealtime (iOS) */ = {
			isa = PBXNativeTarget;
			buildConfigurationList = CBCB707428AF5DB0003DF9D6 /* Build configuration list for PBXNativeTarget "mealtime (iOS)" */;
			buildPhases = (
				CBCB704728AF5DB0003DF9D6 /* Sources */,
				CBCB704828AF5DB0003DF9D6 /* Frameworks */,
				CBCB704928AF5DB0003DF9D6 /* Resources */,
			);
			buildRules = (
			);
			dependencies = (
			);
			name = "mealtime (iOS)";
			productName = "mealtime (iOS)";
			productReference = CBCB704B28AF5DB0003DF9D6 /* mealtime.app */;
			productType = "com.apple.product-type.application";
		};
		CBCB705028AF5DB0003DF9D6 /* mealtime (macOS) */ = {
			isa = PBXNativeTarget;
			buildConfigurationList = CBCB707728AF5DB0003DF9D6 /* Build configuration list for PBXNativeTarget "mealtime (macOS)" */;
			buildPhases = (
				CBCB704D28AF5DB0003DF9D6 /* Sources */,
				CBCB704E28AF5DB0003DF9D6 /* Frameworks */,
				CBCB704F28AF5DB0003DF9D6 /* Resources */,
			);
			buildRules = (
			);
			dependencies = (
			);
			name = "mealtime (macOS)";
			productName = "mealtime (macOS)";
			productReference = CBCB705128AF5DB0003DF9D6 /* mealtime.app */;
			productType = "com.apple.product-type.application";
		};
		CBCB705728AF5DB0003DF9D6 /* Tests iOS */ = {
			isa = PBXNativeTarget;
			buildConfigurationList = CBCB707A28AF5DB0003DF9D6 /* Build configuration list for PBXNativeTarget "Tests iOS" */;
			buildPhases = (
				CBCB705428AF5DB0003DF9D6 /* Sources */,
				CBCB705528AF5DB0003DF9D6 /* Frameworks */,
				CBCB705628AF5DB0003DF9D6 /* Resources */,
			);
			buildRules = (
			);
			dependencies = (
				CBCB705A28AF5DB0003DF9D6 /* PBXTargetDependency */,
			);
			name = "Tests iOS";
			productName = "Tests iOS";
			productReference = CBCB705828AF5DB0003DF9D6 /* Tests iOS.xctest */;
			productType = "com.apple.product-type.bundle.ui-testing";
		};
		CBCB706328AF5DB0003DF9D6 /* Tests macOS */ = {
			isa = PBXNativeTarget;
			buildConfigurationList = CBCB707D28AF5DB0003DF9D6 /* Build configuration list for PBXNativeTarget "Tests macOS" */;
			buildPhases = (
				CBCB706028AF5DB0003DF9D6 /* Sources */,
				CBCB706128AF5DB0003DF9D6 /* Frameworks */,
				CBCB706228AF5DB0003DF9D6 /* Resources */,
			);
			buildRules = (
			);
			dependencies = (
				CBCB706628AF5DB0003DF9D6 /* PBXTargetDependency */,
			);
			name = "Tests macOS";
			productName = "Tests macOS";
			productReference = CBCB706428AF5DB0003DF9D6 /* Tests macOS.xctest */;
			productType = "com.apple.product-type.bundle.ui-testing";
		};
/* End PBXNativeTarget section */

/* Begin PBXProject section */
		CBCB703F28AF5DAA003DF9D6 /* Project object */ = {
			isa = PBXProject;
			attributes = {
				BuildIndependentTargetsInParallel = 1;
				LastSwiftUpdateCheck = 1340;
				LastUpgradeCheck = 1340;
				TargetAttributes = {
					CBCB704A28AF5DB0003DF9D6 = {
						CreatedOnToolsVersion = 13.4.1;
					};
					CBCB705028AF5DB0003DF9D6 = {
						CreatedOnToolsVersion = 13.4.1;
					};
					CBCB705728AF5DB0003DF9D6 = {
						CreatedOnToolsVersion = 13.4.1;
						TestTargetID = CBCB704A28AF5DB0003DF9D6;
					};
					CBCB706328AF5DB0003DF9D6 = {
						CreatedOnToolsVersion = 13.4.1;
						TestTargetID = CBCB705028AF5DB0003DF9D6;
					};
				};
			};
			buildConfigurationList = CBCB704228AF5DAA003DF9D6 /* Build configuration list for PBXProject "mealtime" */;
			compatibilityVersion = "Xcode 13.0";
			developmentRegion = en;
			hasScannedForEncodings = 0;
			knownRegions = (
				en,
				Base,
			);
			mainGroup = CBCB703E28AF5DAA003DF9D6;
			productRefGroup = CBCB704C28AF5DB0003DF9D6 /* Products */;
			projectDirPath = "";
			projectRoot = "";
			targets = (
				CBCB704A28AF5DB0003DF9D6 /* mealtime (iOS) */,
				CBCB705028AF5DB0003DF9D6 /* mealtime (macOS) */,
				CBCB705728AF5DB0003DF9D6 /* Tests iOS */,
				CBCB706328AF5DB0003DF9D6 /* Tests macOS */,
			);
		};
/* End PBXProject section */

/* Begin PBXResourcesBuildPhase section */
		CBCB704928AF5DB0003DF9D6 /* Resources */ = {
			isa = PBXResourcesBuildPhase;
			buildActionMask = 2147483647;
			files = (
				CBCB707028AF5DB0003DF9D6 /* Assets.xcassets in Resources */,
			);
			runOnlyForDeploymentPostprocessing = 0;
		};
		CBCB704F28AF5DB0003DF9D6 /* Resources */ = {
			isa = PBXResourcesBuildPhase;
			buildActionMask = 2147483647;
			files = (
				CBCB707128AF5DB0003DF9D6 /* Assets.xcassets in Resources */,
			);
			runOnlyForDeploymentPostprocessing = 0;
		};
		CBCB705628AF5DB0003DF9D6 /* Resources */ = {
			isa = PBXResourcesBuildPhase;
			buildActionMask = 2147483647;
			files = (
			);
			runOnlyForDeploymentPostprocessing = 0;
		};
		CBCB706228AF5DB0003DF9D6 /* Resources */ = {
			isa = PBXResourcesBuildPhase;
			buildActionMask = 2147483647;
			files = (
			);
			runOnlyForDeploymentPostprocessing = 0;
		};
/* End PBXResourcesBuildPhase section */

/* Begin PBXSourcesBuildPhase section */
		CBCB704728AF5DB0003DF9D6 /* Sources */ = {
			isa = PBXSourcesBuildPhase;
			buildActionMask = 2147483647;
			files = (
				CBCB706E28AF5DB0003DF9D6 /* ContentView.swift in Sources */,
				CBCB706C28AF5DB0003DF9D6 /* mealtimeApp.swift in Sources */,
			);
			runOnlyForDeploymentPostprocessing = 0;
		};
		CBCB704D28AF5DB0003DF9D6 /* Sources */ = {
			isa = PBXSourcesBuildPhase;
			buildActionMask = 2147483647;
			files = (
				CBCB706F28AF5DB0003DF9D6 /* ContentView.swift in Sources */,
				CBCB706D28AF5DB0003DF9D6 /* mealtimeApp.swift in Sources */,
			);
			runOnlyForDeploymentPostprocessing = 0;
		};
		CBCB705428AF5DB0003DF9D6 /* Sources */ = {
			isa = PBXSourcesBuildPhase;
			buildActionMask = 2147483647;
			files = (
				CBCB705F28AF5DB0003DF9D6 /* Tests_iOSLaunchTests.swift in Sources */,
				CBCB705D28AF5DB0003DF9D6 /* Tests_iOS.swift in Sources */,
			);
			runOnlyForDeploymentPostprocessing = 0;
		};
		CBCB706028AF5DB0003DF9D6 /* Sources */ = {
			isa = PBXSourcesBuildPhase;
			buildActionMask = 2147483647;
			files = (
				CBCB706B28AF5DB0003DF9D6 /* Tests_macOSLaunchTests.swift in Sources */,
				CBCB706928AF5DB0003DF9D6 /* Tests_macOS.swift in Sources */,
			);
			runOnlyForDeploymentPostprocessing = 0;
		};
/* End PBXSourcesBuildPhase section */

/* Begin PBXTargetDependency section */
		CBCB705A28AF5DB0003DF9D6 /* PBXTargetDependency */ = {
			isa = PBXTargetDependency;
			target = CBCB704A28AF5DB0003DF9D6 /* mealtime (iOS) */;
			targetProxy = CBCB705928AF5DB0003DF9D6 /* PBXContainerItemProxy */;
		};
		CBCB706628AF5DB0003DF9D6 /* PBXTargetDependency */ = {
			isa = PBXTargetDependency;
			target = CBCB705028AF5DB0003DF9D6 /* mealtime (macOS) */;
			targetProxy = CBCB706528AF5DB0003DF9D6 /* PBXContainerItemProxy */;
		};
/* End PBXTargetDependency section */

/* Begin XCBuildConfiguration section */
		CBCB707228AF5DB0003DF9D6 /* Debug */ = {
			isa = XCBuildConfiguration;
			buildSettings = {
				ALWAYS_SEARCH_USER_PATHS = NO;
				CLANG_ANALYZER_NONNULL = YES;
				CLANG_ANALYZER_NUMBER_OBJECT_CONVERSION = YES_AGGRESSIVE;
				CLANG_CXX_LANGUAGE_STANDARD = "gnu++17";
				CLANG_ENABLE_MODULES = YES;
				CLANG_ENABLE_OBJC_ARC = YES;
				CLANG_ENABLE_OBJC_WEAK = YES;
				CLANG_WARN_BLOCK_CAPTURE_AUTORELEASING = YES;
				CLANG_WARN_BOOL_CONVERSION = YES;
				CLANG_WARN_COMMA = YES;
				CLANG_WARN_CONSTANT_CONVERSION = YES;
				CLANG_WARN_DEPRECATED_OBJC_IMPLEMENTATIONS = YES;
				CLANG_WARN_DIRECT_OBJC_ISA_USAGE = YES_ERROR;
				CLANG_WARN_DOCUMENTATION_COMMENTS = YES;
				CLANG_WARN_EMPTY_BODY = YES;
				CLANG_WARN_ENUM_CONVERSION = YES;
				CLANG_WARN_INFINITE_RECURSION = YES;
				CLANG_WARN_INT_CONVERSION = YES;
				CLANG_WARN_NON_LITERAL_NULL_CONVERSION = YES;
				CLANG_WARN_OBJC_IMPLICIT_RETAIN_SELF = YES;
				CLANG_WARN_OBJC_LITERAL_CONVERSION = YES;
				CLANG_WARN_OBJC_ROOT_CLASS = YES_ERROR;
				CLANG_WARN_QUOTED_INCLUDE_IN_FRAMEWORK_HEADER = YES;
				CLANG_WARN_RANGE_LOOP_ANALYSIS = YES;
				CLANG_WARN_STRICT_PROTOTYPES = YES;
				CLANG_WARN_SUSPICIOUS_MOVE = YES;
				CLANG_WARN_UNGUARDED_AVAILABILITY = YES_AGGRESSIVE;
				CLANG_WARN_UNREACHABLE_CODE = YES;
				CLANG_WARN__DUPLICATE_METHOD_MATCH = YES;
				COPY_PHASE_STRIP = NO;
				DEBUG_INFORMATION_FORMAT = dwarf;
				ENABLE_STRICT_OBJC_MSGSEND = YES;
				ENABLE_TESTABILITY = YES;
				GCC_C_LANGUAGE_STANDARD = gnu11;
				GCC_DYNAMIC_NO_PIC = NO;
				GCC_NO_COMMON_BLOCKS = YES;
				GCC_OPTIMIZATION_LEVEL = 0;
				GCC_PREPROCESSOR_DEFINITIONS = (
					"DEBUG=1",
					"$(inherited)",
				);
				GCC_WARN_64_TO_32_BIT_CONVERSION = YES;
				GCC_WARN_ABOUT_RETURN_TYPE = YES_ERROR;
				GCC_WARN_UNDECLARED_SELECTOR = YES;
				GCC_WARN_UNINITIALIZED_AUTOS = YES_AGGRESSIVE;
				GCC_WARN_UNUSED_FUNCTION = YES;
				GCC_WARN_UNUSED_VARIABLE = YES;
				MTL_ENABLE_DEBUG_INFO = INCLUDE_SOURCE;
				MTL_FAST_MATH = YES;
				ONLY_ACTIVE_ARCH = YES;
				SWIFT_ACTIVE_COMPILATION_CONDITIONS = DEBUG;
				SWIFT_OPTIMIZATION_LEVEL = "-Onone";
			};
			name = Debug;
		};
		CBCB707328AF5DB0003DF9D6 /* Release */ = {
			isa = XCBuildConfiguration;
			buildSettings = {
				ALWAYS_SEARCH_USER_PATHS = NO;
				CLANG_ANALYZER_NONNULL = YES;
				CLANG_ANALYZER_NUMBER_OBJECT_CONVERSION = YES_AGGRESSIVE;
				CLANG_CXX_LANGUAGE_STANDARD = "gnu++17";
				CLANG_ENABLE_MODULES = YES;
				CLANG_ENABLE_OBJC_ARC = YES;
				CLANG_ENABLE_OBJC_WEAK = YES;
				CLANG_WARN_BLOCK_CAPTURE_AUTORELEASING = YES;
				CLANG_WARN_BOOL_CONVERSION = YES;
				CLANG_WARN_COMMA = YES;
				CLANG_WARN_CONSTANT_CONVERSION = YES;
				CLANG_WARN_DEPRECATED_OBJC_IMPLEMENTATIONS = YES;
				CLANG_WARN_DIRECT_OBJC_ISA_USAGE = YES_ERROR;
				CLANG_WARN_DOCUMENTATION_COMMENTS = YES;
				CLANG_WARN_EMPTY_BODY = YES;
				CLANG_WARN_ENUM_CONVERSION = YES;
				CLANG_WARN_INFINITE_RECURSION = YES;
				CLANG_WARN_INT_CONVERSION = YES;
				CLANG_WARN_NON_LITERAL_NULL_CONVERSION = YES;
				CLANG_WARN_OBJC_IMPLICIT_RETAIN_SELF = YES;
				CLANG_WARN_OBJC_LITERAL_CONVERSION = YES;
				CLANG_WARN_OBJC_ROOT_CLASS = YES_ERROR;
				CLANG_WARN_QUOTED_INCLUDE_IN_FRAMEWORK_HEADER = YES;
				CLANG_WARN_RANGE_LOOP_ANALYSIS = YES;
				CLANG_WARN_STRICT_PROTOTYPES = YES;
				CLANG_WARN_SUSPICIOUS_MOVE = YES;
				CLANG_WARN_UNGUARDED_AVAILABILITY = YES_AGGRESSIVE;
				CLANG_WARN_UNREACHABLE_CODE = YES;
				CLANG_WARN__DUPLICATE_METHOD_MATCH = YES;
				COPY_PHASE_STRIP = NO;
				DEBUG_INFORMATION_FORMAT = "dwarf-with-dsym";
				ENABLE_NS_ASSERTIONS = NO;
				ENABLE_STRICT_OBJC_MSGSEND = YES;
				GCC_C_LANGUAGE_STANDARD = gnu11;
				GCC_NO_COMMON_BLOCKS = YES;
				GCC_WARN_64_TO_32_BIT_CONVERSION = YES;
				GCC_WARN_ABOUT_RETURN_TYPE = YES_ERROR;
				GCC_WARN_UNDECLARED_SELECTOR = YES;
				GCC_WARN_UNINITIALIZED_AUTOS = YES_AGGRESSIVE;
				GCC_WARN_UNUSED_FUNCTION = YES;
				GCC_WARN_UNUSED_VARIABLE = YES;
				MTL_ENABLE_DEBUG_INFO = NO;
				MTL_FAST_MATH = YES;
				SWIFT_COMPILATION_MODE = wholemodule;
				SWIFT_OPTIMIZATION_LEVEL = "-O";
			};
			name = Release;
		};
		CBCB707528AF5DB0003DF9D6 /* Debug */ = {
			isa = XCBuildConfiguration;
			buildSettings = {
				ASSETCATALOG_COMPILER_APPICON_NAME = AppIcon;
				ASSETCATALOG_COMPILER_GLOBAL_ACCENT_COLOR_NAME = AccentColor;
				CODE_SIGN_STYLE = Automatic;
				CURRENT_PROJECT_VERSION = 1;
				ENABLE_PREVIEWS = YES;
				GENERATE_INFOPLIST_FILE = YES;
				INFOPLIST_KEY_UIApplicationSceneManifest_Generation = YES;
				INFOPLIST_KEY_UIApplicationSupportsIndirectInputEvents = YES;
				INFOPLIST_KEY_UILaunchScreen_Generation = YES;
				INFOPLIST_KEY_UISupportedInterfaceOrientations_iPad = "UIInterfaceOrientationPortrait UIInterfaceOrientationPortraitUpsideDown UIInterfaceOrientationLandscapeLeft UIInterfaceOrientationLandscapeRight";
				INFOPLIST_KEY_UISupportedInterfaceOrientations_iPhone = "UIInterfaceOrientationPortrait UIInterfaceOrientationLandscapeLeft UIInterfaceOrientationLandscapeRight";
				IPHONEOS_DEPLOYMENT_TARGET = 15.5;
				LD_RUNPATH_SEARCH_PATHS = (
					"$(inherited)",
					"@executable_path/Frameworks",
				);
				MARKETING_VERSION = 1.0;
				PRODUCT_BUNDLE_IDENTIFIER = sungho0205.mealtime;
				PRODUCT_NAME = mealtime;
				SDKROOT = iphoneos;
				SWIFT_EMIT_LOC_STRINGS = YES;
				SWIFT_VERSION = 5.0;
				TARGETED_DEVICE_FAMILY = "1,2";
			};
			name = Debug;
		};
		CBCB707628AF5DB0003DF9D6 /* Release */ = {
			isa = XCBuildConfiguration;
			buildSettings = {
				ASSETCATALOG_COMPILER_APPICON_NAME = AppIcon;
				ASSETCATALOG_COMPILER_GLOBAL_ACCENT_COLOR_NAME = AccentColor;
				CODE_SIGN_STYLE = Automatic;
				CURRENT_PROJECT_VERSION = 1;
				ENABLE_PREVIEWS = YES;
				GENERATE_INFOPLIST_FILE = YES;
				INFOPLIST_KEY_UIApplicationSceneManifest_Generation = YES;
				INFOPLIST_KEY_UIApplicationSupportsIndirectInputEvents = YES;
				INFOPLIST_KEY_UILaunchScreen_Generation = YES;
				INFOPLIST_KEY_UISupportedInterfaceOrientations_iPad = "UIInterfaceOrientationPortrait UIInterfaceOrientationPortraitUpsideDown UIInterfaceOrientationLandscapeLeft UIInterfaceOrientationLandscapeRight";
				INFOPLIST_KEY_UISupportedInterfaceOrientations_iPhone = "UIInterfaceOrientationPortrait UIInterfaceOrientationLandscapeLeft UIInterfaceOrientationLandscapeRight";
				IPHONEOS_DEPLOYMENT_TARGET = 15.5;
				LD_RUNPATH_SEARCH_PATHS = (
					"$(inherited)",
					"@executable_path/Frameworks",
				);
				MARKETING_VERSION = 1.0;
				PRODUCT_BUNDLE_IDENTIFIER = sungho0205.mealtime;
				PRODUCT_NAME = mealtime;
				SDKROOT = iphoneos;
				SWIFT_EMIT_LOC_STRINGS = YES;
				SWIFT_VERSION = 5.0;
				TARGETED_DEVICE_FAMILY = "1,2";
				VALIDATE_PRODUCT = YES;
			};
			name = Release;
		};
		CBCB707828AF5DB0003DF9D6 /* Debug */ = {
			isa = XCBuildConfiguration;
			buildSettings = {
				ASSETCATALOG_COMPILER_APPICON_NAME = AppIcon;
				ASSETCATALOG_COMPILER_GLOBAL_ACCENT_COLOR_NAME = AccentColor;
				CODE_SIGN_ENTITLEMENTS = macOS/macOS.entitlements;
				CODE_SIGN_STYLE = Automatic;
				COMBINE_HIDPI_IMAGES = YES;
				CURRENT_PROJECT_VERSION = 1;
				ENABLE_PREVIEWS = YES;
				GENERATE_INFOPLIST_FILE = YES;
				INFOPLIST_KEY_NSHumanReadableCopyright = "";
				LD_RUNPATH_SEARCH_PATHS = (
					"$(inherited)",
					"@executable_path/../Frameworks",
				);
				MACOSX_DEPLOYMENT_TARGET = 12.3;
				MARKETING_VERSION = 1.0;
				PRODUCT_BUNDLE_IDENTIFIER = sungho0205.mealtime;
				PRODUCT_NAME = mealtime;
				SDKROOT = macosx;
				SWIFT_EMIT_LOC_STRINGS = YES;
				SWIFT_VERSION = 5.0;
			};
			name = Debug;
		};
		CBCB707928AF5DB0003DF9D6 /* Release */ = {
			isa = XCBuildConfiguration;
			buildSettings = {
				ASSETCATALOG_COMPILER_APPICON_NAME = AppIcon;
				ASSETCATALOG_COMPILER_GLOBAL_ACCENT_COLOR_NAME = AccentColor;
				CODE_SIGN_ENTITLEMENTS = macOS/macOS.entitlements;
				CODE_SIGN_STYLE = Automatic;
				COMBINE_HIDPI_IMAGES = YES;
				CURRENT_PROJECT_VERSION = 1;
				ENABLE_PREVIEWS = YES;
				GENERATE_INFOPLIST_FILE = YES;
				INFOPLIST_KEY_NSHumanReadableCopyright = "";
				LD_RUNPATH_SEARCH_PATHS = (
					"$(inherited)",
					"@executable_path/../Frameworks",
				);
				MACOSX_DEPLOYMENT_TARGET = 12.3;
				MARKETING_VERSION = 1.0;
				PRODUCT_BUNDLE_IDENTIFIER = sungho0205.mealtime;
				PRODUCT_NAME = mealtime;
				SDKROOT = macosx;
				SWIFT_EMIT_LOC_STRINGS = YES;
				SWIFT_VERSION = 5.0;
			};
			name = Release;
		};
		CBCB707B28AF5DB0003DF9D6 /* Debug */ = {
			isa = XCBuildConfiguration;
			buildSettings = {
				ALWAYS_EMBED_SWIFT_STANDARD_LIBRARIES = YES;
				CODE_SIGN_STYLE = Automatic;
				CURRENT_PROJECT_VERSION = 1;
				GENERATE_INFOPLIST_FILE = YES;
				IPHONEOS_DEPLOYMENT_TARGET = 15.5;
				MARKETING_VERSION = 1.0;
				PRODUCT_BUNDLE_IDENTIFIER = "sungho0205.Tests-iOS";
				PRODUCT_NAME = "$(TARGET_NAME)";
				SDKROOT = iphoneos;
				SWIFT_EMIT_LOC_STRINGS = NO;
				SWIFT_VERSION = 5.0;
				TARGETED_DEVICE_FAMILY = "1,2";
				TEST_TARGET_NAME = "mealtime (iOS)";
			};
			name = Debug;
		};
		CBCB707C28AF5DB0003DF9D6 /* Release */ = {
			isa = XCBuildConfiguration;
			buildSettings = {
				ALWAYS_EMBED_SWIFT_STANDARD_LIBRARIES = YES;
				CODE_SIGN_STYLE = Automatic;
				CURRENT_PROJECT_VERSION = 1;
				GENERATE_INFOPLIST_FILE = YES;
				IPHONEOS_DEPLOYMENT_TARGET = 15.5;
				MARKETING_VERSION = 1.0;
				PRODUCT_BUNDLE_IDENTIFIER = "sungho0205.Tests-iOS";
				PRODUCT_NAME = "$(TARGET_NAME)";
				SDKROOT = iphoneos;
				SWIFT_EMIT_LOC_STRINGS = NO;
				SWIFT_VERSION = 5.0;
				TARGETED_DEVICE_FAMILY = "1,2";
				TEST_TARGET_NAME = "mealtime (iOS)";
				VALIDATE_PRODUCT = YES;
			};
			name = Release;
		};
		CBCB707E28AF5DB0003DF9D6 /* Debug */ = {
			isa = XCBuildConfiguration;
			buildSettings = {
				ALWAYS_EMBED_SWIFT_STANDARD_LIBRARIES = YES;
				CODE_SIGN_STYLE = Automatic;
				CURRENT_PROJECT_VERSION = 1;
				GENERATE_INFOPLIST_FILE = YES;
				MACOSX_DEPLOYMENT_TARGET = 12.3;
				MARKETING_VERSION = 1.0;
				PRODUCT_BUNDLE_IDENTIFIER = "sungho0205.Tests-macOS";
				PRODUCT_NAME = "$(TARGET_NAME)";
				SDKROOT = macosx;
				SWIFT_EMIT_LOC_STRINGS = NO;
				SWIFT_VERSION = 5.0;
				TEST_TARGET_NAME = "mealtime (macOS)";
			};
			name = Debug;
		};
		CBCB707F28AF5DB0003DF9D6 /* Release */ = {
			isa = XCBuildConfiguration;
			buildSettings = {
				ALWAYS_EMBED_SWIFT_STANDARD_LIBRARIES = YES;
				CODE_SIGN_STYLE = Automatic;
				CURRENT_PROJECT_VERSION = 1;
				GENERATE_INFOPLIST_FILE = YES;
				MACOSX_DEPLOYMENT_TARGET = 12.3;
				MARKETING_VERSION = 1.0;
				PRODUCT_BUNDLE_IDENTIFIER = "sungho0205.Tests-macOS";
				PRODUCT_NAME = "$(TARGET_NAME)";
				SDKROOT = macosx;
				SWIFT_EMIT_LOC_STRINGS = NO;
				SWIFT_VERSION = 5.0;
				TEST_TARGET_NAME = "mealtime (macOS)";
			};
			name = Release;
		};
/* End XCBuildConfiguration section */

/* Begin XCConfigurationList section */
		CBCB704228AF5DAA003DF9D6 /* Build configuration list for PBXProject "mealtime" */ = {
			isa = XCConfigurationList;
			buildConfigurations = (
				CBCB707228AF5DB0003DF9D6 /* Debug */,
				CBCB707328AF5DB0003DF9D6 /* Release */,
			);
			defaultConfigurationIsVisible = 0;
			defaultConfigurationName = Release;
		};
		CBCB707428AF5DB0003DF9D6 /* Build configuration list for PBXNativeTarget "mealtime (iOS)" */ = {
			isa = XCConfigurationList;
			buildConfigurations = (
				CBCB707528AF5DB0003DF9D6 /* Debug */,
				CBCB707628AF5DB0003DF9D6 /* Release */,
			);
			defaultConfigurationIsVisible = 0;
			defaultConfigurationName = Release;
		};
		CBCB707728AF5DB0003DF9D6 /* Build configuration list for PBXNativeTarget "mealtime (macOS)" */ = {
			isa = XCConfigurationList;
			buildConfigurations = (
				CBCB707828AF5DB0003DF9D6 /* Debug */,
				CBCB707928AF5DB0003DF9D6 /* Release */,
			);
			defaultConfigurationIsVisible = 0;
			defaultConfigurationName = Release;
		};
		CBCB707A28AF5DB0003DF9D6 /* Build configuration list for PBXNativeTarget "Tests iOS" */ = {
			isa = XCConfigurationList;
			buildConfigurations = (
				CBCB707B28AF5DB0003DF9D6 /* Debug */,
				CBCB707C28AF5DB0003DF9D6 /* Release */,
			);
			defaultConfigurationIsVisible = 0;
			defaultConfigurationName = Release;
		};
		CBCB707D28AF5DB0003DF9D6 /* Build configuration list for PBXNativeTarget "Tests macOS" */ = {
			isa = XCConfigurationList;
			buildConfigurations = (
				CBCB707E28AF5DB0003DF9D6 /* Debug */,
				CBCB707F28AF5DB0003DF9D6 /* Release */,
			);
			defaultConfigurationIsVisible = 0;
			defaultConfigurationName = Release;
		};
/* End XCConfigurationList section */
	};
	rootObject = CBCB703F28AF5DAA003DF9D6 /* Project object */;
}
