// !$*UTF8*$!
{
	archiveVersion = 1;
	classes = {
	};
	objectVersion = 55;
	objects = {

/* Begin PBXBuildFile section */
		167477BD567F6602463DC73A /* Pods_mealtime__macOS_.framework in Frameworks */ = {isa = PBXBuildFile; fileRef = E8859D7D4135E38447547AF4 /* Pods_mealtime__macOS_.framework */; };
		8D7B5E56725D8429DB39C774 /* Pods_mealtime__iOS_.framework in Frameworks */ = {isa = PBXBuildFile; fileRef = 987E9CAC0DF980BB92316EA2 /* Pods_mealtime__iOS_.framework */; };
		CB638AB32A2311E80097796E /* notice.json in Resources */ = {isa = PBXBuildFile; fileRef = CB638AB22A2311E80097796E /* notice.json */; };
		CB638AB42A2311E80097796E /* notice.json in Resources */ = {isa = PBXBuildFile; fileRef = CB638AB22A2311E80097796E /* notice.json */; };
		CB638AB72A23BC090097796E /* AsyncNeiSwift in Frameworks */ = {isa = PBXBuildFile; productRef = CB638AB62A23BC090097796E /* AsyncNeiSwift */; };
		CB638AB92A23BC090097796E /* CombineNeiSwift in Frameworks */ = {isa = PBXBuildFile; productRef = CB638AB82A23BC090097796E /* CombineNeiSwift */; };
		CB638ABB2A23BC090097796E /* NeiSwift in Frameworks */ = {isa = PBXBuildFile; productRef = CB638ABA2A23BC090097796E /* NeiSwift */; };
		CBAC8CFD2A19F9A700EE1AD6 /* DebouncedOnChange in Frameworks */ = {isa = PBXBuildFile; productRef = CBAC8CFC2A19F9A700EE1AD6 /* DebouncedOnChange */; };
		CBB3509E29EA9A4D006AB8A0 /* InfoView.swift in Sources */ = {isa = PBXBuildFile; fileRef = CBB3509D29EA9A4D006AB8A0 /* InfoView.swift */; };
		CBB3509F29EA9A4D006AB8A0 /* InfoView.swift in Sources */ = {isa = PBXBuildFile; fileRef = CBB3509D29EA9A4D006AB8A0 /* InfoView.swift */; };
		CBCB705D28AF5DB0003DF9D6 /* Tests_iOS.swift in Sources */ = {isa = PBXBuildFile; fileRef = CBCB705C28AF5DB0003DF9D6 /* Tests_iOS.swift */; };
		CBCB705F28AF5DB0003DF9D6 /* Tests_iOSLaunchTests.swift in Sources */ = {isa = PBXBuildFile; fileRef = CBCB705E28AF5DB0003DF9D6 /* Tests_iOSLaunchTests.swift */; };
		CBCB706928AF5DB0003DF9D6 /* Tests_macOS.swift in Sources */ = {isa = PBXBuildFile; fileRef = CBCB706828AF5DB0003DF9D6 /* Tests_macOS.swift */; };
		CBCB706B28AF5DB0003DF9D6 /* Tests_macOSLaunchTests.swift in Sources */ = {isa = PBXBuildFile; fileRef = CBCB706A28AF5DB0003DF9D6 /* Tests_macOSLaunchTests.swift */; };
		CBCB706C28AF5DB0003DF9D6 /* mealtimeApp.swift in Sources */ = {isa = PBXBuildFile; fileRef = CBCB704428AF5DAA003DF9D6 /* mealtimeApp.swift */; };
		CBCB706D28AF5DB0003DF9D6 /* mealtimeApp.swift in Sources */ = {isa = PBXBuildFile; fileRef = CBCB704428AF5DAA003DF9D6 /* mealtimeApp.swift */; };
		CBCB706E28AF5DB0003DF9D6 /* MealView.swift in Sources */ = {isa = PBXBuildFile; fileRef = CBCB704528AF5DAA003DF9D6 /* MealView.swift */; };
		CBCB706F28AF5DB0003DF9D6 /* MealView.swift in Sources */ = {isa = PBXBuildFile; fileRef = CBCB704528AF5DAA003DF9D6 /* MealView.swift */; };
		CBCB707028AF5DB0003DF9D6 /* Assets.xcassets in Resources */ = {isa = PBXBuildFile; fileRef = CBCB704628AF5DB0003DF9D6 /* Assets.xcassets */; };
		CBCB707128AF5DB0003DF9D6 /* Assets.xcassets in Resources */ = {isa = PBXBuildFile; fileRef = CBCB704628AF5DB0003DF9D6 /* Assets.xcassets */; };
		CBD123D429EA9EB7009D91D2 /* AllergySettingsView.swift in Sources */ = {isa = PBXBuildFile; fileRef = CBD123D329EA9EB7009D91D2 /* AllergySettingsView.swift */; };
		CBD123D529EA9EB7009D91D2 /* AllergySettingsView.swift in Sources */ = {isa = PBXBuildFile; fileRef = CBD123D329EA9EB7009D91D2 /* AllergySettingsView.swift */; };
		CBD123D729EABFCB009D91D2 /* TimeTableView.swift in Sources */ = {isa = PBXBuildFile; fileRef = CBD123D629EABFCB009D91D2 /* TimeTableView.swift */; };
		CBD123D829EABFCB009D91D2 /* TimeTableView.swift in Sources */ = {isa = PBXBuildFile; fileRef = CBD123D629EABFCB009D91D2 /* TimeTableView.swift */; };
		CBD123DD29EAE026009D91D2 /* GradeClassView.swift in Sources */ = {isa = PBXBuildFile; fileRef = CBD123DC29EAE026009D91D2 /* GradeClassView.swift */; };
		CBD123DE29EAE026009D91D2 /* GradeClassView.swift in Sources */ = {isa = PBXBuildFile; fileRef = CBD123DC29EAE026009D91D2 /* GradeClassView.swift */; };
		CBD1240729EBDC0C009D91D2 /* AdBannerUIView.swift in Sources */ = {isa = PBXBuildFile; fileRef = CBD1240629EBDC0C009D91D2 /* AdBannerUIView.swift */; };
		CBD1240829EBDC0C009D91D2 /* AdBannerUIView.swift in Sources */ = {isa = PBXBuildFile; fileRef = CBD1240629EBDC0C009D91D2 /* AdBannerUIView.swift */; };
		CBD1240A29EBE541009D91D2 /* Launch Screen.storyboard in Resources */ = {isa = PBXBuildFile; fileRef = CBD1240929EBE540009D91D2 /* Launch Screen.storyboard */; };
		CBD1240B29EBE541009D91D2 /* Launch Screen.storyboard in Resources */ = {isa = PBXBuildFile; fileRef = CBD1240929EBE540009D91D2 /* Launch Screen.storyboard */; };
		CBDDBAFB29E26B6500C6E0EA /* MoreView.swift in Sources */ = {isa = PBXBuildFile; fileRef = CBDDBAFA29E26B6400C6E0EA /* MoreView.swift */; };
		CBDDBAFC29E26B6500C6E0EA /* MoreView.swift in Sources */ = {isa = PBXBuildFile; fileRef = CBDDBAFA29E26B6400C6E0EA /* MoreView.swift */; };
		CBDDBAFE29E26C9800C6E0EA /* SchoolSettingsView.swift in Sources */ = {isa = PBXBuildFile; fileRef = CBDDBAFD29E26C9800C6E0EA /* SchoolSettingsView.swift */; };
		CBDDBAFF29E26C9800C6E0EA /* SchoolSettingsView.swift in Sources */ = {isa = PBXBuildFile; fileRef = CBDDBAFD29E26C9800C6E0EA /* SchoolSettingsView.swift */; };
/* End PBXBuildFile section */

/* Begin PBXContainerItemProxy section */
		CBCB705928AF5DB0003DF9D6 /* PBXContainerItemProxy */ = {
			isa = PBXContainerItemProxy;
			containerPortal = CBCB703F28AF5DAA003DF9D6 /* Project object */;
			proxyType = 1;
			remoteGlobalIDString = CBCB704A28AF5DB0003DF9D6;
			remoteInfo = "mealtime (iOS)";
		};
		CBCB706528AF5DB0003DF9D6 /* PBXContainerItemProxy */ = {
			isa = PBXContainerItemProxy;
			containerPortal = CBCB703F28AF5DAA003DF9D6 /* Project object */;
			proxyType = 1;
			remoteGlobalIDString = CBCB705028AF5DB0003DF9D6;
			remoteInfo = "mealtime (macOS)";
		};
/* End PBXContainerItemProxy section */

/* Begin PBXFileReference section */
		854F8D47772DD72723F01C46 /* Pods-mealtime (iOS).debug.xcconfig */ = {isa = PBXFileReference; includeInIndex = 1; lastKnownFileType = text.xcconfig; name = "Pods-mealtime (iOS).debug.xcconfig"; path = "Target Support Files/Pods-mealtime (iOS)/Pods-mealtime (iOS).debug.xcconfig"; sourceTree = "<group>"; };
		987E9CAC0DF980BB92316EA2 /* Pods_mealtime__iOS_.framework */ = {isa = PBXFileReference; explicitFileType = wrapper.framework; includeInIndex = 0; path = Pods_mealtime__iOS_.framework; sourceTree = BUILT_PRODUCTS_DIR; };
		CB638AB22A2311E80097796E /* notice.json */ = {isa = PBXFileReference; lastKnownFileType = text.json; path = notice.json; sourceTree = "<group>"; };
		CB7E5FAE28B2152000817C61 /* Alamofire-5.6.2 */ = {isa = PBXFileReference; lastKnownFileType = wrapper; name = "Alamofire-5.6.2"; path = "../../../Downloads/Alamofire-5.6.2"; sourceTree = "<group>"; };
		CB9F740F903F7B9AF5B9CCFD /* Pods-mealtime (macOS).release.xcconfig */ = {isa = PBXFileReference; includeInIndex = 1; lastKnownFileType = text.xcconfig; name = "Pods-mealtime (macOS).release.xcconfig"; path = "Target Support Files/Pods-mealtime (macOS)/Pods-mealtime (macOS).release.xcconfig"; sourceTree = "<group>"; };
		CBB3509D29EA9A4D006AB8A0 /* InfoView.swift */ = {isa = PBXFileReference; lastKnownFileType = sourcecode.swift; path = InfoView.swift; sourceTree = "<group>"; };
		CBCB704428AF5DAA003DF9D6 /* mealtimeApp.swift */ = {isa = PBXFileReference; lastKnownFileType = sourcecode.swift; path = mealtimeApp.swift; sourceTree = "<group>"; };
		CBCB704528AF5DAA003DF9D6 /* MealView.swift */ = {isa = PBXFileReference; lastKnownFileType = sourcecode.swift; path = MealView.swift; sourceTree = "<group>"; };
		CBCB704628AF5DB0003DF9D6 /* Assets.xcassets */ = {isa = PBXFileReference; lastKnownFileType = folder.assetcatalog; path = Assets.xcassets; sourceTree = "<group>"; };
		CBCB704B28AF5DB0003DF9D6 /* mealtime.app */ = {isa = PBXFileReference; explicitFileType = wrapper.application; includeInIndex = 0; path = mealtime.app; sourceTree = BUILT_PRODUCTS_DIR; };
		CBCB705128AF5DB0003DF9D6 /* mealtime.app */ = {isa = PBXFileReference; explicitFileType = wrapper.application; includeInIndex = 0; path = mealtime.app; sourceTree = BUILT_PRODUCTS_DIR; };
		CBCB705328AF5DB0003DF9D6 /* macOS.entitlements */ = {isa = PBXFileReference; lastKnownFileType = text.plist.entitlements; path = macOS.entitlements; sourceTree = "<group>"; };
		CBCB705828AF5DB0003DF9D6 /* Tests iOS.xctest */ = {isa = PBXFileReference; explicitFileType = wrapper.cfbundle; includeInIndex = 0; path = "Tests iOS.xctest"; sourceTree = BUILT_PRODUCTS_DIR; };
		CBCB705C28AF5DB0003DF9D6 /* Tests_iOS.swift */ = {isa = PBXFileReference; lastKnownFileType = sourcecode.swift; path = Tests_iOS.swift; sourceTree = "<group>"; };
		CBCB705E28AF5DB0003DF9D6 /* Tests_iOSLaunchTests.swift */ = {isa = PBXFileReference; lastKnownFileType = sourcecode.swift; path = Tests_iOSLaunchTests.swift; sourceTree = "<group>"; };
		CBCB706428AF5DB0003DF9D6 /* Tests macOS.xctest */ = {isa = PBXFileReference; explicitFileType = wrapper.cfbundle; includeInIndex = 0; path = "Tests macOS.xctest"; sourceTree = BUILT_PRODUCTS_DIR; };
		CBCB706828AF5DB0003DF9D6 /* Tests_macOS.swift */ = {isa = PBXFileReference; lastKnownFileType = sourcecode.swift; path = Tests_macOS.swift; sourceTree = "<group>"; };
		CBCB706A28AF5DB0003DF9D6 /* Tests_macOSLaunchTests.swift */ = {isa = PBXFileReference; lastKnownFileType = sourcecode.swift; path = Tests_macOSLaunchTests.swift; sourceTree = "<group>"; };
		CBCB70D328B21236003DF9D6 /* Alamofire-5.6.2 */ = {isa = PBXFileReference; lastKnownFileType = wrapper; name = "Alamofire-5.6.2"; path = "../../../Downloads/Alamofire-5.6.2"; sourceTree = "<group>"; };
		CBD123D329EA9EB7009D91D2 /* AllergySettingsView.swift */ = {isa = PBXFileReference; lastKnownFileType = sourcecode.swift; path = AllergySettingsView.swift; sourceTree = "<group>"; };
		CBD123D629EABFCB009D91D2 /* TimeTableView.swift */ = {isa = PBXFileReference; lastKnownFileType = sourcecode.swift; path = TimeTableView.swift; sourceTree = "<group>"; };
		CBD123DC29EAE026009D91D2 /* GradeClassView.swift */ = {isa = PBXFileReference; lastKnownFileType = sourcecode.swift; path = GradeClassView.swift; sourceTree = "<group>"; };
		CBD123F929EBD59F009D91D2 /* mealtime--iOS--Info.plist */ = {isa = PBXFileReference; lastKnownFileType = text.plist; path = "mealtime--iOS--Info.plist"; sourceTree = "<group>"; };
		CBD1240629EBDC0C009D91D2 /* AdBannerUIView.swift */ = {isa = PBXFileReference; lastKnownFileType = sourcecode.swift; path = AdBannerUIView.swift; sourceTree = "<group>"; };
		CBD1240929EBE540009D91D2 /* Launch Screen.storyboard */ = {isa = PBXFileReference; lastKnownFileType = file.storyboard; path = "Launch Screen.storyboard"; sourceTree = "<group>"; };
		CBDDBAFA29E26B6400C6E0EA /* MoreView.swift */ = {isa = PBXFileReference; lastKnownFileType = sourcecode.swift; path = MoreView.swift; sourceTree = "<group>"; };
		CBDDBAFD29E26C9800C6E0EA /* SchoolSettingsView.swift */ = {isa = PBXFileReference; lastKnownFileType = sourcecode.swift; path = SchoolSettingsView.swift; sourceTree = "<group>"; };
		D9D1F95EB078103D20A52B63 /* Pods-mealtime (macOS).debug.xcconfig */ = {isa = PBXFileReference; includeInIndex = 1; lastKnownFileType = text.xcconfig; name = "Pods-mealtime (macOS).debug.xcconfig"; path = "Target Support Files/Pods-mealtime (macOS)/Pods-mealtime (macOS).debug.xcconfig"; sourceTree = "<group>"; };
		E8859D7D4135E38447547AF4 /* Pods_mealtime__macOS_.framework */ = {isa = PBXFileReference; explicitFileType = wrapper.framework; includeInIndex = 0; path = Pods_mealtime__macOS_.framework; sourceTree = BUILT_PRODUCTS_DIR; };
		F1F0B5259163C572BA1B28BC /* Pods-mealtime (iOS).release.xcconfig */ = {isa = PBXFileReference; includeInIndex = 1; lastKnownFileType = text.xcconfig; name = "Pods-mealtime (iOS).release.xcconfig"; path = "Target Support Files/Pods-mealtime (iOS)/Pods-mealtime (iOS).release.xcconfig"; sourceTree = "<group>"; };
/* End PBXFileReference section */

/* Begin PBXFrameworksBuildPhase section */
		CBCB704828AF5DB0003DF9D6 /* Frameworks */ = {
			isa = PBXFrameworksBuildPhase;
			buildActionMask = 2147483647;
			files = (
				8D7B5E56725D8429DB39C774 /* Pods_mealtime__iOS_.framework in Frameworks */,
				CB638AB92A23BC090097796E /* CombineNeiSwift in Frameworks */,
				CBAC8CFD2A19F9A700EE1AD6 /* DebouncedOnChange in Frameworks */,
				CB638ABB2A23BC090097796E /* NeiSwift in Frameworks */,
				CB638AB72A23BC090097796E /* AsyncNeiSwift in Frameworks */,
			);
			runOnlyForDeploymentPostprocessing = 0;
		};
		CBCB704E28AF5DB0003DF9D6 /* Frameworks */ = {
			isa = PBXFrameworksBuildPhase;
			buildActionMask = 2147483647;
			files = (
				167477BD567F6602463DC73A /* Pods_mealtime__macOS_.framework in Frameworks */,
			);
			runOnlyForDeploymentPostprocessing = 0;
		};
		CBCB705528AF5DB0003DF9D6 /* Frameworks */ = {
			isa = PBXFrameworksBuildPhase;
			buildActionMask = 2147483647;
			files = (
			);
			runOnlyForDeploymentPostprocessing = 0;
		};
		CBCB706128AF5DB0003DF9D6 /* Frameworks */ = {
			isa = PBXFrameworksBuildPhase;
			buildActionMask = 2147483647;
			files = (
			);
			runOnlyForDeploymentPostprocessing = 0;
		};
/* End PBXFrameworksBuildPhase section */

/* Begin PBXGroup section */
		6AF858BEDFC4A8BD00300F74 /* Frameworks */ = {
			isa = PBXGroup;
			children = (
				987E9CAC0DF980BB92316EA2 /* Pods_mealtime__iOS_.framework */,
				E8859D7D4135E38447547AF4 /* Pods_mealtime__macOS_.framework */,
			);
			name = Frameworks;
			sourceTree = "<group>";
		};
		CBCB703E28AF5DAA003DF9D6 = {
			isa = PBXGroup;
			children = (
				CBD123F929EBD59F009D91D2 /* mealtime--iOS--Info.plist */,
				CBCB70D228B21236003DF9D6 /* Packages */,
				CBCB704328AF5DAA003DF9D6 /* Shared */,
				CBCB705228AF5DB0003DF9D6 /* macOS */,
				CBCB705B28AF5DB0003DF9D6 /* Tests iOS */,
				CBCB706728AF5DB0003DF9D6 /* Tests macOS */,
				CBCB704C28AF5DB0003DF9D6 /* Products */,
				E4F47C9A99BF20B75E45E359 /* Pods */,
				6AF858BEDFC4A8BD00300F74 /* Frameworks */,
			);
			sourceTree = "<group>";
		};
		CBCB704328AF5DAA003DF9D6 /* Shared */ = {
			isa = PBXGroup;
			children = (
				CBCB704428AF5DAA003DF9D6 /* mealtimeApp.swift */,
				CB638AB22A2311E80097796E /* notice.json */,
				CBD1240929EBE540009D91D2 /* Launch Screen.storyboard */,
				CBCB704528AF5DAA003DF9D6 /* MealView.swift */,
				CBD1240629EBDC0C009D91D2 /* AdBannerUIView.swift */,
				CBD123D629EABFCB009D91D2 /* TimeTableView.swift */,
				CBDDBAFA29E26B6400C6E0EA /* MoreView.swift */,
				CBD123D329EA9EB7009D91D2 /* AllergySettingsView.swift */,
				CBB3509D29EA9A4D006AB8A0 /* InfoView.swift */,
				CBD123DC29EAE026009D91D2 /* GradeClassView.swift */,
				CBDDBAFD29E26C9800C6E0EA /* SchoolSettingsView.swift */,
				CBCB704628AF5DB0003DF9D6 /* Assets.xcassets */,
			);
			path = Shared;
			sourceTree = "<group>";
		};
		CBCB704C28AF5DB0003DF9D6 /* Products */ = {
			isa = PBXGroup;
			children = (
				CBCB704B28AF5DB0003DF9D6 /* mealtime.app */,
				CBCB705128AF5DB0003DF9D6 /* mealtime.app */,
				CBCB705828AF5DB0003DF9D6 /* Tests iOS.xctest */,
				CBCB706428AF5DB0003DF9D6 /* Tests macOS.xctest */,
			);
			name = Products;
			sourceTree = "<group>";
		};
		CBCB705228AF5DB0003DF9D6 /* macOS */ = {
			isa = PBXGroup;
			children = (
				CBCB705328AF5DB0003DF9D6 /* macOS.entitlements */,
			);
			path = macOS;
			sourceTree = "<group>";
		};
		CBCB705B28AF5DB0003DF9D6 /* Tests iOS */ = {
			isa = PBXGroup;
			children = (
				CBCB705C28AF5DB0003DF9D6 /* Tests_iOS.swift */,
				CBCB705E28AF5DB0003DF9D6 /* Tests_iOSLaunchTests.swift */,
			);
			path = "Tests iOS";
			sourceTree = "<group>";
		};
		CBCB706728AF5DB0003DF9D6 /* Tests macOS */ = {
			isa = PBXGroup;
			children = (
				CBCB706828AF5DB0003DF9D6 /* Tests_macOS.swift */,
				CBCB706A28AF5DB0003DF9D6 /* Tests_macOSLaunchTests.swift */,
			);
			path = "Tests macOS";
			sourceTree = "<group>";
		};
		CBCB70D228B21236003DF9D6 /* Packages */ = {
			isa = PBXGroup;
			children = (
				CBCB70D328B21236003DF9D6 /* Alamofire-5.6.2 */,
				CB7E5FAE28B2152000817C61 /* Alamofire-5.6.2 */,
			);
			name = Packages;
			sourceTree = "<group>";
		};
		E4F47C9A99BF20B75E45E359 /* Pods */ = {
			isa = PBXGroup;
			children = (
				854F8D47772DD72723F01C46 /* Pods-mealtime (iOS).debug.xcconfig */,
				F1F0B5259163C572BA1B28BC /* Pods-mealtime (iOS).release.xcconfig */,
				D9D1F95EB078103D20A52B63 /* Pods-mealtime (macOS).debug.xcconfig */,
				CB9F740F903F7B9AF5B9CCFD /* Pods-mealtime (macOS).release.xcconfig */,
			);
			path = Pods;
			sourceTree = "<group>";
		};
/* End PBXGroup section */

/* Begin PBXNativeTarget section */
		CBCB704A28AF5DB0003DF9D6 /* mealtime (iOS) */ = {
			isa = PBXNativeTarget;
			buildConfigurationList = CBCB707428AF5DB0003DF9D6 /* Build configuration list for PBXNativeTarget "mealtime (iOS)" */;
			buildPhases = (
				355BE0E6724AE41C130552A8 /* [CP] Check Pods Manifest.lock */,
				CBCB704728AF5DB0003DF9D6 /* Sources */,
				CBCB704828AF5DB0003DF9D6 /* Frameworks */,
				CBCB704928AF5DB0003DF9D6 /* Resources */,
				02D4937C85F832011794A656 /* [CP] Embed Pods Frameworks */,
			);
			buildRules = (
			);
			dependencies = (
			);
			name = "mealtime (iOS)";
			packageProductDependencies = (
				CBAC8CFC2A19F9A700EE1AD6 /* DebouncedOnChange */,
				CB638AB62A23BC090097796E /* AsyncNeiSwift */,
				CB638AB82A23BC090097796E /* CombineNeiSwift */,
				CB638ABA2A23BC090097796E /* NeiSwift */,
			);
			productName = "mealtime (iOS)";
			productReference = CBCB704B28AF5DB0003DF9D6 /* mealtime.app */;
			productType = "com.apple.product-type.application";
		};
		CBCB705028AF5DB0003DF9D6 /* mealtime (macOS) */ = {
			isa = PBXNativeTarget;
			buildConfigurationList = CBCB707728AF5DB0003DF9D6 /* Build configuration list for PBXNativeTarget "mealtime (macOS)" */;
			buildPhases = (
				679CB05CA52CC80B8B19CB77 /* [CP] Check Pods Manifest.lock */,
				CBCB704D28AF5DB0003DF9D6 /* Sources */,
				CBCB704E28AF5DB0003DF9D6 /* Frameworks */,
				CBCB704F28AF5DB0003DF9D6 /* Resources */,
				F4D8C63CD29FD0AA805DE65B /* [CP] Embed Pods Frameworks */,
			);
			buildRules = (
			);
			dependencies = (
			);
			name = "mealtime (macOS)";
			productName = "mealtime (macOS)";
			productReference = CBCB705128AF5DB0003DF9D6 /* mealtime.app */;
			productType = "com.apple.product-type.application";
		};
		CBCB705728AF5DB0003DF9D6 /* Tests iOS */ = {
			isa = PBXNativeTarget;
			buildConfigurationList = CBCB707A28AF5DB0003DF9D6 /* Build configuration list for PBXNativeTarget "Tests iOS" */;
			buildPhases = (
				CBCB705428AF5DB0003DF9D6 /* Sources */,
				CBCB705528AF5DB0003DF9D6 /* Frameworks */,
				CBCB705628AF5DB0003DF9D6 /* Resources */,
			);
			buildRules = (
			);
			dependencies = (
				CBCB705A28AF5DB0003DF9D6 /* PBXTargetDependency */,
			);
			name = "Tests iOS";
			productName = "Tests iOS";
			productReference = CBCB705828AF5DB0003DF9D6 /* Tests iOS.xctest */;
			productType = "com.apple.product-type.bundle.ui-testing";
		};
		CBCB706328AF5DB0003DF9D6 /* Tests macOS */ = {
			isa = PBXNativeTarget;
			buildConfigurationList = CBCB707D28AF5DB0003DF9D6 /* Build configuration list for PBXNativeTarget "Tests macOS" */;
			buildPhases = (
				CBCB706028AF5DB0003DF9D6 /* Sources */,
				CBCB706128AF5DB0003DF9D6 /* Frameworks */,
				CBCB706228AF5DB0003DF9D6 /* Resources */,
			);
			buildRules = (
			);
			dependencies = (
				CBCB706628AF5DB0003DF9D6 /* PBXTargetDependency */,
			);
			name = "Tests macOS";
			productName = "Tests macOS";
			productReference = CBCB706428AF5DB0003DF9D6 /* Tests macOS.xctest */;
			productType = "com.apple.product-type.bundle.ui-testing";
		};
/* End PBXNativeTarget section */

/* Begin PBXProject section */
		CBCB703F28AF5DAA003DF9D6 /* Project object */ = {
			isa = PBXProject;
			attributes = {
				BuildIndependentTargetsInParallel = 1;
				LastSwiftUpdateCheck = 1340;
				LastUpgradeCheck = 1340;
				TargetAttributes = {
					CBCB704A28AF5DB0003DF9D6 = {
						CreatedOnToolsVersion = 13.4.1;
					};
					CBCB705028AF5DB0003DF9D6 = {
						CreatedOnToolsVersion = 13.4.1;
					};
					CBCB705728AF5DB0003DF9D6 = {
						CreatedOnToolsVersion = 13.4.1;
						TestTargetID = CBCB704A28AF5DB0003DF9D6;
					};
					CBCB706328AF5DB0003DF9D6 = {
						CreatedOnToolsVersion = 13.4.1;
						TestTargetID = CBCB705028AF5DB0003DF9D6;
					};
				};
			};
			buildConfigurationList = CBCB704228AF5DAA003DF9D6 /* Build configuration list for PBXProject "mealtime" */;
			compatibilityVersion = "Xcode 13.0";
			developmentRegion = en;
			hasScannedForEncodings = 0;
			knownRegions = (
				en,
				Base,
			);
			mainGroup = CBCB703E28AF5DAA003DF9D6;
			packageReferences = (
				CBAC8CFB2A19F9A700EE1AD6 /* XCRemoteSwiftPackageReference "DebouncedOnChange" */,
				CB638AB52A23BC090097796E /* XCRemoteSwiftPackageReference "NeiSwift" */,
			);
			productRefGroup = CBCB704C28AF5DB0003DF9D6 /* Products */;
			projectDirPath = "";
			projectRoot = "";
			targets = (
				CBCB704A28AF5DB0003DF9D6 /* mealtime (iOS) */,
				CBCB705028AF5DB0003DF9D6 /* mealtime (macOS) */,
				CBCB705728AF5DB0003DF9D6 /* Tests iOS */,
				CBCB706328AF5DB0003DF9D6 /* Tests macOS */,
			);
		};
/* End PBXProject section */

/* Begin PBXResourcesBuildPhase section */
		CBCB704928AF5DB0003DF9D6 /* Resources */ = {
			isa = PBXResourcesBuildPhase;
			buildActionMask = 2147483647;
			files = (
				CB638AB32A2311E80097796E /* notice.json in Resources */,
				CBD1240A29EBE541009D91D2 /* Launch Screen.storyboard in Resources */,
				CBCB707028AF5DB0003DF9D6 /* Assets.xcassets in Resources */,
			);
			runOnlyForDeploymentPostprocessing = 0;
		};
		CBCB704F28AF5DB0003DF9D6 /* Resources */ = {
			isa = PBXResourcesBuildPhase;
			buildActionMask = 2147483647;
			files = (
				CB638AB42A2311E80097796E /* notice.json in Resources */,
				CBD1240B29EBE541009D91D2 /* Launch Screen.storyboard in Resources */,
				CBCB707128AF5DB0003DF9D6 /* Assets.xcassets in Resources */,
			);
			runOnlyForDeploymentPostprocessing = 0;
		};
		CBCB705628AF5DB0003DF9D6 /* Resources */ = {
			isa = PBXResourcesBuildPhase;
			buildActionMask = 2147483647;
			files = (
			);
			runOnlyForDeploymentPostprocessing = 0;
		};
		CBCB706228AF5DB0003DF9D6 /* Resources */ = {
			isa = PBXResourcesBuildPhase;
			buildActionMask = 2147483647;
			files = (
			);
			runOnlyForDeploymentPostprocessing = 0;
		};
/* End PBXResourcesBuildPhase section */

/* Begin PBXShellScriptBuildPhase section */
		02D4937C85F832011794A656 /* [CP] Embed Pods Frameworks */ = {
			isa = PBXShellScriptBuildPhase;
			buildActionMask = 2147483647;
			files = (
			);
			inputFileListPaths = (
				"${PODS_ROOT}/Target Support Files/Pods-mealtime (iOS)/Pods-mealtime (iOS)-frameworks-${CONFIGURATION}-input-files.xcfilelist",
			);
			name = "[CP] Embed Pods Frameworks";
			outputFileListPaths = (
				"${PODS_ROOT}/Target Support Files/Pods-mealtime (iOS)/Pods-mealtime (iOS)-frameworks-${CONFIGURATION}-output-files.xcfilelist",
			);
			runOnlyForDeploymentPostprocessing = 0;
			shellPath = /bin/sh;
			shellScript = "\"${PODS_ROOT}/Target Support Files/Pods-mealtime (iOS)/Pods-mealtime (iOS)-frameworks.sh\"\n";
			showEnvVarsInLog = 0;
		};
		355BE0E6724AE41C130552A8 /* [CP] Check Pods Manifest.lock */ = {
			isa = PBXShellScriptBuildPhase;
			buildActionMask = 2147483647;
			files = (
			);
			inputFileListPaths = (
			);
			inputPaths = (
				"${PODS_PODFILE_DIR_PATH}/Podfile.lock",
				"${PODS_ROOT}/Manifest.lock",
			);
			name = "[CP] Check Pods Manifest.lock";
			outputFileListPaths = (
			);
			outputPaths = (
				"$(DERIVED_FILE_DIR)/Pods-mealtime (iOS)-checkManifestLockResult.txt",
			);
			runOnlyForDeploymentPostprocessing = 0;
			shellPath = /bin/sh;
			shellScript = "diff \"${PODS_PODFILE_DIR_PATH}/Podfile.lock\" \"${PODS_ROOT}/Manifest.lock\" > /dev/null\nif [ $? != 0 ] ; then\n    # print error to STDERR\n    echo \"error: The sandbox is not in sync with the Podfile.lock. Run 'pod install' or update your CocoaPods installation.\" >&2\n    exit 1\nfi\n# This output is used by Xcode 'outputs' to avoid re-running this script phase.\necho \"SUCCESS\" > \"${SCRIPT_OUTPUT_FILE_0}\"\n";
			showEnvVarsInLog = 0;
		};
		679CB05CA52CC80B8B19CB77 /* [CP] Check Pods Manifest.lock */ = {
			isa = PBXShellScriptBuildPhase;
			buildActionMask = 2147483647;
			files = (
			);
			inputFileListPaths = (
			);
			inputPaths = (
				"${PODS_PODFILE_DIR_PATH}/Podfile.lock",
				"${PODS_ROOT}/Manifest.lock",
			);
			name = "[CP] Check Pods Manifest.lock";
			outputFileListPaths = (
			);
			outputPaths = (
				"$(DERIVED_FILE_DIR)/Pods-mealtime (macOS)-checkManifestLockResult.txt",
			);
			runOnlyForDeploymentPostprocessing = 0;
			shellPath = /bin/sh;
			shellScript = "diff \"${PODS_PODFILE_DIR_PATH}/Podfile.lock\" \"${PODS_ROOT}/Manifest.lock\" > /dev/null\nif [ $? != 0 ] ; then\n    # print error to STDERR\n    echo \"error: The sandbox is not in sync with the Podfile.lock. Run 'pod install' or update your CocoaPods installation.\" >&2\n    exit 1\nfi\n# This output is used by Xcode 'outputs' to avoid re-running this script phase.\necho \"SUCCESS\" > \"${SCRIPT_OUTPUT_FILE_0}\"\n";
			showEnvVarsInLog = 0;
		};
		F4D8C63CD29FD0AA805DE65B /* [CP] Embed Pods Frameworks */ = {
			isa = PBXShellScriptBuildPhase;
			buildActionMask = 2147483647;
			files = (
			);
			inputFileListPaths = (
				"${PODS_ROOT}/Target Support Files/Pods-mealtime (macOS)/Pods-mealtime (macOS)-frameworks-${CONFIGURATION}-input-files.xcfilelist",
			);
			name = "[CP] Embed Pods Frameworks";
			outputFileListPaths = (
				"${PODS_ROOT}/Target Support Files/Pods-mealtime (macOS)/Pods-mealtime (macOS)-frameworks-${CONFIGURATION}-output-files.xcfilelist",
			);
			runOnlyForDeploymentPostprocessing = 0;
			shellPath = /bin/sh;
			shellScript = "\"${PODS_ROOT}/Target Support Files/Pods-mealtime (macOS)/Pods-mealtime (macOS)-frameworks.sh\"\n";
			showEnvVarsInLog = 0;
		};
/* End PBXShellScriptBuildPhase section */

/* Begin PBXSourcesBuildPhase section */
		CBCB704728AF5DB0003DF9D6 /* Sources */ = {
			isa = PBXSourcesBuildPhase;
			buildActionMask = 2147483647;
			files = (
				CBD1240729EBDC0C009D91D2 /* AdBannerUIView.swift in Sources */,
				CBD123D729EABFCB009D91D2 /* TimeTableView.swift in Sources */,
				CBCB706E28AF5DB0003DF9D6 /* MealView.swift in Sources */,
				CBD123D429EA9EB7009D91D2 /* AllergySettingsView.swift in Sources */,
				CBD123DD29EAE026009D91D2 /* GradeClassView.swift in Sources */,
				CBDDBAFE29E26C9800C6E0EA /* SchoolSettingsView.swift in Sources */,
				CBCB706C28AF5DB0003DF9D6 /* mealtimeApp.swift in Sources */,
				CBB3509E29EA9A4D006AB8A0 /* InfoView.swift in Sources */,
				CBDDBAFB29E26B6500C6E0EA /* MoreView.swift in Sources */,
			);
			runOnlyForDeploymentPostprocessing = 0;
		};
		CBCB704D28AF5DB0003DF9D6 /* Sources */ = {
			isa = PBXSourcesBuildPhase;
			buildActionMask = 2147483647;
			files = (
				CBD1240829EBDC0C009D91D2 /* AdBannerUIView.swift in Sources */,
				CBD123D829EABFCB009D91D2 /* TimeTableView.swift in Sources */,
				CBCB706F28AF5DB0003DF9D6 /* MealView.swift in Sources */,
				CBD123D529EA9EB7009D91D2 /* AllergySettingsView.swift in Sources */,
				CBD123DE29EAE026009D91D2 /* GradeClassView.swift in Sources */,
				CBDDBAFF29E26C9800C6E0EA /* SchoolSettingsView.swift in Sources */,
				CBCB706D28AF5DB0003DF9D6 /* mealtimeApp.swift in Sources */,
				CBB3509F29EA9A4D006AB8A0 /* InfoView.swift in Sources */,
				CBDDBAFC29E26B6500C6E0EA /* MoreView.swift in Sources */,
			);
			runOnlyForDeploymentPostprocessing = 0;
		};
		CBCB705428AF5DB0003DF9D6 /* Sources */ = {
			isa = PBXSourcesBuildPhase;
			buildActionMask = 2147483647;
			files = (
				CBCB705F28AF5DB0003DF9D6 /* Tests_iOSLaunchTests.swift in Sources */,
				CBCB705D28AF5DB0003DF9D6 /* Tests_iOS.swift in Sources */,
			);
			runOnlyForDeploymentPostprocessing = 0;
		};
		CBCB706028AF5DB0003DF9D6 /* Sources */ = {
			isa = PBXSourcesBuildPhase;
			buildActionMask = 2147483647;
			files = (
				CBCB706B28AF5DB0003DF9D6 /* Tests_macOSLaunchTests.swift in Sources */,
				CBCB706928AF5DB0003DF9D6 /* Tests_macOS.swift in Sources */,
			);
			runOnlyForDeploymentPostprocessing = 0;
		};
/* End PBXSourcesBuildPhase section */

/* Begin PBXTargetDependency section */
		CBCB705A28AF5DB0003DF9D6 /* PBXTargetDependency */ = {
			isa = PBXTargetDependency;
			target = CBCB704A28AF5DB0003DF9D6 /* mealtime (iOS) */;
			targetProxy = CBCB705928AF5DB0003DF9D6 /* PBXContainerItemProxy */;
		};
		CBCB706628AF5DB0003DF9D6 /* PBXTargetDependency */ = {
			isa = PBXTargetDependency;
			target = CBCB705028AF5DB0003DF9D6 /* mealtime (macOS) */;
			targetProxy = CBCB706528AF5DB0003DF9D6 /* PBXContainerItemProxy */;
		};
/* End PBXTargetDependency section */

/* Begin XCBuildConfiguration section */
		CBCB707228AF5DB0003DF9D6 /* Debug */ = {
			isa = XCBuildConfiguration;
			buildSettings = {
				ALWAYS_SEARCH_USER_PATHS = NO;
				CLANG_ANALYZER_NONNULL = YES;
				CLANG_ANALYZER_NUMBER_OBJECT_CONVERSION = YES_AGGRESSIVE;
				CLANG_CXX_LANGUAGE_STANDARD = "gnu++17";
				CLANG_ENABLE_MODULES = YES;
				CLANG_ENABLE_OBJC_ARC = YES;
				CLANG_ENABLE_OBJC_WEAK = YES;
				CLANG_WARN_BLOCK_CAPTURE_AUTORELEASING = YES;
				CLANG_WARN_BOOL_CONVERSION = YES;
				CLANG_WARN_COMMA = YES;
				CLANG_WARN_CONSTANT_CONVERSION = YES;
				CLANG_WARN_DEPRECATED_OBJC_IMPLEMENTATIONS = YES;
				CLANG_WARN_DIRECT_OBJC_ISA_USAGE = YES_ERROR;
				CLANG_WARN_DOCUMENTATION_COMMENTS = YES;
				CLANG_WARN_EMPTY_BODY = YES;
				CLANG_WARN_ENUM_CONVERSION = YES;
				CLANG_WARN_INFINITE_RECURSION = YES;
				CLANG_WARN_INT_CONVERSION = YES;
				CLANG_WARN_NON_LITERAL_NULL_CONVERSION = YES;
				CLANG_WARN_OBJC_IMPLICIT_RETAIN_SELF = YES;
				CLANG_WARN_OBJC_LITERAL_CONVERSION = YES;
				CLANG_WARN_OBJC_ROOT_CLASS = YES_ERROR;
				CLANG_WARN_QUOTED_INCLUDE_IN_FRAMEWORK_HEADER = YES;
				CLANG_WARN_RANGE_LOOP_ANALYSIS = YES;
				CLANG_WARN_STRICT_PROTOTYPES = YES;
				CLANG_WARN_SUSPICIOUS_MOVE = YES;
				CLANG_WARN_UNGUARDED_AVAILABILITY = YES_AGGRESSIVE;
				CLANG_WARN_UNREACHABLE_CODE = YES;
				CLANG_WARN__DUPLICATE_METHOD_MATCH = YES;
				COPY_PHASE_STRIP = NO;
				DEBUG_INFORMATION_FORMAT = dwarf;
				ENABLE_STRICT_OBJC_MSGSEND = YES;
				ENABLE_TESTABILITY = YES;
				GCC_C_LANGUAGE_STANDARD = gnu11;
				GCC_DYNAMIC_NO_PIC = NO;
				GCC_NO_COMMON_BLOCKS = YES;
				GCC_OPTIMIZATION_LEVEL = 0;
				GCC_PREPROCESSOR_DEFINITIONS = (
					"DEBUG=1",
					"$(inherited)",
				);
				GCC_WARN_64_TO_32_BIT_CONVERSION = YES;
				GCC_WARN_ABOUT_RETURN_TYPE = YES_ERROR;
				GCC_WARN_UNDECLARED_SELECTOR = YES;
				GCC_WARN_UNINITIALIZED_AUTOS = YES_AGGRESSIVE;
				GCC_WARN_UNUSED_FUNCTION = YES;
				GCC_WARN_UNUSED_VARIABLE = YES;
				IPHONEOS_DEPLOYMENT_TARGET = 16.0;
				MTL_ENABLE_DEBUG_INFO = INCLUDE_SOURCE;
				MTL_FAST_MATH = YES;
				ONLY_ACTIVE_ARCH = YES;
				SWIFT_ACTIVE_COMPILATION_CONDITIONS = DEBUG;
				SWIFT_OPTIMIZATION_LEVEL = "-Onone";
			};
			name = Debug;
		};
		CBCB707328AF5DB0003DF9D6 /* Release */ = {
			isa = XCBuildConfiguration;
			buildSettings = {
				ALWAYS_SEARCH_USER_PATHS = NO;
				CLANG_ANALYZER_NONNULL = YES;
				CLANG_ANALYZER_NUMBER_OBJECT_CONVERSION = YES_AGGRESSIVE;
				CLANG_CXX_LANGUAGE_STANDARD = "gnu++17";
				CLANG_ENABLE_MODULES = YES;
				CLANG_ENABLE_OBJC_ARC = YES;
				CLANG_ENABLE_OBJC_WEAK = YES;
				CLANG_WARN_BLOCK_CAPTURE_AUTORELEASING = YES;
				CLANG_WARN_BOOL_CONVERSION = YES;
				CLANG_WARN_COMMA = YES;
				CLANG_WARN_CONSTANT_CONVERSION = YES;
				CLANG_WARN_DEPRECATED_OBJC_IMPLEMENTATIONS = YES;
				CLANG_WARN_DIRECT_OBJC_ISA_USAGE = YES_ERROR;
				CLANG_WARN_DOCUMENTATION_COMMENTS = YES;
				CLANG_WARN_EMPTY_BODY = YES;
				CLANG_WARN_ENUM_CONVERSION = YES;
				CLANG_WARN_INFINITE_RECURSION = YES;
				CLANG_WARN_INT_CONVERSION = YES;
				CLANG_WARN_NON_LITERAL_NULL_CONVERSION = YES;
				CLANG_WARN_OBJC_IMPLICIT_RETAIN_SELF = YES;
				CLANG_WARN_OBJC_LITERAL_CONVERSION = YES;
				CLANG_WARN_OBJC_ROOT_CLASS = YES_ERROR;
				CLANG_WARN_QUOTED_INCLUDE_IN_FRAMEWORK_HEADER = YES;
				CLANG_WARN_RANGE_LOOP_ANALYSIS = YES;
				CLANG_WARN_STRICT_PROTOTYPES = YES;
				CLANG_WARN_SUSPICIOUS_MOVE = YES;
				CLANG_WARN_UNGUARDED_AVAILABILITY = YES_AGGRESSIVE;
				CLANG_WARN_UNREACHABLE_CODE = YES;
				CLANG_WARN__DUPLICATE_METHOD_MATCH = YES;
				COPY_PHASE_STRIP = NO;
				DEBUG_INFORMATION_FORMAT = "dwarf-with-dsym";
				ENABLE_NS_ASSERTIONS = NO;
				ENABLE_STRICT_OBJC_MSGSEND = YES;
				GCC_C_LANGUAGE_STANDARD = gnu11;
				GCC_NO_COMMON_BLOCKS = YES;
				GCC_WARN_64_TO_32_BIT_CONVERSION = YES;
				GCC_WARN_ABOUT_RETURN_TYPE = YES_ERROR;
				GCC_WARN_UNDECLARED_SELECTOR = YES;
				GCC_WARN_UNINITIALIZED_AUTOS = YES_AGGRESSIVE;
				GCC_WARN_UNUSED_FUNCTION = YES;
				GCC_WARN_UNUSED_VARIABLE = YES;
				IPHONEOS_DEPLOYMENT_TARGET = 16.0;
				MTL_ENABLE_DEBUG_INFO = NO;
				MTL_FAST_MATH = YES;
				SWIFT_COMPILATION_MODE = wholemodule;
				SWIFT_OPTIMIZATION_LEVEL = "-O";
			};
			name = Release;
		};
		CBCB707528AF5DB0003DF9D6 /* Debug */ = {
			isa = XCBuildConfiguration;
			baseConfigurationReference = 854F8D47772DD72723F01C46 /* Pods-mealtime (iOS).debug.xcconfig */;
			buildSettings = {
				ASSETCATALOG_COMPILER_APPICON_NAME = AppIcon;
				ASSETCATALOG_COMPILER_GLOBAL_ACCENT_COLOR_NAME = AccentColor;
				ASSETCATALOG_COMPILER_INCLUDE_ALL_APPICON_ASSETS = NO;
				CODE_SIGN_IDENTITY = "Apple Development";
				CODE_SIGN_STYLE = Automatic;
				CURRENT_PROJECT_VERSION = 32;
				DEVELOPMENT_TEAM = R6Z7QV6C3F;
				ENABLE_PREVIEWS = YES;
				GENERATE_INFOPLIST_FILE = YES;
				INFOPLIST_FILE = "mealtime--iOS--Info.plist";
				INFOPLIST_KEY_CFBundleDisplayName = "급식시간";
				INFOPLIST_KEY_LSApplicationCategoryType = "public.app-category.education";
				INFOPLIST_KEY_NSUserTrackingUsageDescription = "이 앱은 광고로 유지돼요. 맞춤형 광고 표시를 위한 데이터 수집이며 광고 표시 외에 아무 목적으로도 사용되지 않아요! 💸";
				INFOPLIST_KEY_UIApplicationSceneManifest_Generation = YES;
				INFOPLIST_KEY_UIApplicationSupportsIndirectInputEvents = YES;
				INFOPLIST_KEY_UILaunchStoryboardName = "Launch Screen.storyboard";
				INFOPLIST_KEY_UISupportedInterfaceOrientations = UIInterfaceOrientationPortrait;
				INFOPLIST_KEY_UISupportedInterfaceOrientations_iPad = "UIInterfaceOrientationLandscapeLeft UIInterfaceOrientationLandscapeRight UIInterfaceOrientationPortrait UIInterfaceOrientationPortraitUpsideDown";
				IPHONEOS_DEPLOYMENT_TARGET = 16.0;
				LD_RUNPATH_SEARCH_PATHS = (
					"$(inherited)",
					"@executable_path/Frameworks",
				);
				MARKETING_VERSION = 6.3.2;
				PRODUCT_BUNDLE_IDENTIFIER = com.sungho0205.geupsik;
				PRODUCT_NAME = mealtime;
				PROVISIONING_PROFILE_SPECIFIER = "";
				SDKROOT = iphoneos;
				SWIFT_EMIT_LOC_STRINGS = YES;
				SWIFT_VERSION = 5.0;
				TARGETED_DEVICE_FAMILY = "1,2";
			};
			name = Debug;
		};
		CBCB707628AF5DB0003DF9D6 /* Release */ = {
			isa = XCBuildConfiguration;
			baseConfigurationReference = F1F0B5259163C572BA1B28BC /* Pods-mealtime (iOS).release.xcconfig */;
			buildSettings = {
				ASSETCATALOG_COMPILER_APPICON_NAME = AppIcon;
				ASSETCATALOG_COMPILER_GLOBAL_ACCENT_COLOR_NAME = AccentColor;
				ASSETCATALOG_COMPILER_INCLUDE_ALL_APPICON_ASSETS = NO;
				CODE_SIGN_IDENTITY = "Apple Development";
				CODE_SIGN_STYLE = Automatic;
				CURRENT_PROJECT_VERSION = 32;
				DEVELOPMENT_TEAM = R6Z7QV6C3F;
				ENABLE_PREVIEWS = YES;
				GENERATE_INFOPLIST_FILE = YES;
				INFOPLIST_FILE = "mealtime--iOS--Info.plist";
				INFOPLIST_KEY_CFBundleDisplayName = "급식시간";
				INFOPLIST_KEY_LSApplicationCategoryType = "public.app-category.education";
				INFOPLIST_KEY_NSUserTrackingUsageDescription = "이 앱은 광고로 유지돼요. 맞춤형 광고 표시를 위한 데이터 수집이며 광고 표시 외에 아무 목적으로도 사용되지 않아요! 💸";
				INFOPLIST_KEY_UIApplicationSceneManifest_Generation = YES;
				INFOPLIST_KEY_UIApplicationSupportsIndirectInputEvents = YES;
				INFOPLIST_KEY_UILaunchStoryboardName = "Launch Screen.storyboard";
				INFOPLIST_KEY_UISupportedInterfaceOrientations = UIInterfaceOrientationPortrait;
				INFOPLIST_KEY_UISupportedInterfaceOrientations_iPad = "UIInterfaceOrientationLandscapeLeft UIInterfaceOrientationLandscapeRight UIInterfaceOrientationPortrait UIInterfaceOrientationPortraitUpsideDown";
				IPHONEOS_DEPLOYMENT_TARGET = 16.0;
				LD_RUNPATH_SEARCH_PATHS = (
					"$(inherited)",
					"@executable_path/Frameworks",
				);
				MARKETING_VERSION = 6.3.2;
				PRODUCT_BUNDLE_IDENTIFIER = com.sungho0205.geupsik;
				PRODUCT_NAME = mealtime;
				PROVISIONING_PROFILE_SPECIFIER = "";
				SDKROOT = iphoneos;
				SWIFT_EMIT_LOC_STRINGS = YES;
				SWIFT_VERSION = 5.0;
				TARGETED_DEVICE_FAMILY = "1,2";
				VALIDATE_PRODUCT = YES;
			};
			name = Release;
		};
		CBCB707828AF5DB0003DF9D6 /* Debug */ = {
			isa = XCBuildConfiguration;
			baseConfigurationReference = D9D1F95EB078103D20A52B63 /* Pods-mealtime (macOS).debug.xcconfig */;
			buildSettings = {
				ASSETCATALOG_COMPILER_APPICON_NAME = AppIcon;
				ASSETCATALOG_COMPILER_GLOBAL_ACCENT_COLOR_NAME = AccentColor;
				CODE_SIGN_ENTITLEMENTS = macOS/macOS.entitlements;
				CODE_SIGN_STYLE = Automatic;
				COMBINE_HIDPI_IMAGES = YES;
				CURRENT_PROJECT_VERSION = 1;
				ENABLE_PREVIEWS = YES;
				GENERATE_INFOPLIST_FILE = YES;
				INFOPLIST_KEY_NSHumanReadableCopyright = "";
				LD_RUNPATH_SEARCH_PATHS = (
					"$(inherited)",
					"@executable_path/../Frameworks",
				);
				MACOSX_DEPLOYMENT_TARGET = 12.3;
				MARKETING_VERSION = 1.0;
				PRODUCT_BUNDLE_IDENTIFIER = "moonsung-ho.mealtime";
				PRODUCT_NAME = mealtime;
				SDKROOT = macosx;
				SWIFT_EMIT_LOC_STRINGS = YES;
				SWIFT_VERSION = 5.0;
			};
			name = Debug;
		};
		CBCB707928AF5DB0003DF9D6 /* Release */ = {
			isa = XCBuildConfiguration;
			baseConfigurationReference = CB9F740F903F7B9AF5B9CCFD /* Pods-mealtime (macOS).release.xcconfig */;
			buildSettings = {
				ASSETCATALOG_COMPILER_APPICON_NAME = AppIcon;
				ASSETCATALOG_COMPILER_GLOBAL_ACCENT_COLOR_NAME = AccentColor;
				CODE_SIGN_ENTITLEMENTS = macOS/macOS.entitlements;
				CODE_SIGN_STYLE = Automatic;
				COMBINE_HIDPI_IMAGES = YES;
				CURRENT_PROJECT_VERSION = 1;
				ENABLE_PREVIEWS = YES;
				GENERATE_INFOPLIST_FILE = YES;
				INFOPLIST_KEY_NSHumanReadableCopyright = "";
				LD_RUNPATH_SEARCH_PATHS = (
					"$(inherited)",
					"@executable_path/../Frameworks",
				);
				MACOSX_DEPLOYMENT_TARGET = 12.3;
				MARKETING_VERSION = 1.0;
				PRODUCT_BUNDLE_IDENTIFIER = "moonsung-ho.mealtime";
				PRODUCT_NAME = mealtime;
				SDKROOT = macosx;
				SWIFT_EMIT_LOC_STRINGS = YES;
				SWIFT_VERSION = 5.0;
			};
			name = Release;
		};
		CBCB707B28AF5DB0003DF9D6 /* Debug */ = {
			isa = XCBuildConfiguration;
			buildSettings = {
				ALWAYS_EMBED_SWIFT_STANDARD_LIBRARIES = YES;
				CODE_SIGN_STYLE = Automatic;
				CURRENT_PROJECT_VERSION = 1;
				GENERATE_INFOPLIST_FILE = YES;
				IPHONEOS_DEPLOYMENT_TARGET = 15.5;
				MARKETING_VERSION = 1.0;
				PRODUCT_BUNDLE_IDENTIFIER = "moonsung-ho.Tests-iOS";
				PRODUCT_NAME = "$(TARGET_NAME)";
				SDKROOT = iphoneos;
				SWIFT_EMIT_LOC_STRINGS = NO;
				SWIFT_VERSION = 5.0;
				TARGETED_DEVICE_FAMILY = "1,2";
				TEST_TARGET_NAME = "mealtime (iOS)";
			};
			name = Debug;
		};
		CBCB707C28AF5DB0003DF9D6 /* Release */ = {
			isa = XCBuildConfiguration;
			buildSettings = {
				ALWAYS_EMBED_SWIFT_STANDARD_LIBRARIES = YES;
				CODE_SIGN_STYLE = Automatic;
				CURRENT_PROJECT_VERSION = 1;
				GENERATE_INFOPLIST_FILE = YES;
				IPHONEOS_DEPLOYMENT_TARGET = 15.5;
				MARKETING_VERSION = 1.0;
				PRODUCT_BUNDLE_IDENTIFIER = "moonsung-ho.Tests-iOS";
				PRODUCT_NAME = "$(TARGET_NAME)";
				SDKROOT = iphoneos;
				SWIFT_EMIT_LOC_STRINGS = NO;
				SWIFT_VERSION = 5.0;
				TARGETED_DEVICE_FAMILY = "1,2";
				TEST_TARGET_NAME = "mealtime (iOS)";
				VALIDATE_PRODUCT = YES;
			};
			name = Release;
		};
		CBCB707E28AF5DB0003DF9D6 /* Debug */ = {
			isa = XCBuildConfiguration;
			buildSettings = {
				ALWAYS_EMBED_SWIFT_STANDARD_LIBRARIES = YES;
				CODE_SIGN_STYLE = Automatic;
				CURRENT_PROJECT_VERSION = 1;
				GENERATE_INFOPLIST_FILE = YES;
				MACOSX_DEPLOYMENT_TARGET = 12.3;
				MARKETING_VERSION = 1.0;
				PRODUCT_BUNDLE_IDENTIFIER = "moonsung-ho.Tests-macOS";
				PRODUCT_NAME = "$(TARGET_NAME)";
				SDKROOT = macosx;
				SWIFT_EMIT_LOC_STRINGS = NO;
				SWIFT_VERSION = 5.0;
				TEST_TARGET_NAME = "mealtime (macOS)";
			};
			name = Debug;
		};
		CBCB707F28AF5DB0003DF9D6 /* Release */ = {
			isa = XCBuildConfiguration;
			buildSettings = {
				ALWAYS_EMBED_SWIFT_STANDARD_LIBRARIES = YES;
				CODE_SIGN_STYLE = Automatic;
				CURRENT_PROJECT_VERSION = 1;
				GENERATE_INFOPLIST_FILE = YES;
				MACOSX_DEPLOYMENT_TARGET = 12.3;
				MARKETING_VERSION = 1.0;
				PRODUCT_BUNDLE_IDENTIFIER = "moonsung-ho.Tests-macOS";
				PRODUCT_NAME = "$(TARGET_NAME)";
				SDKROOT = macosx;
				SWIFT_EMIT_LOC_STRINGS = NO;
				SWIFT_VERSION = 5.0;
				TEST_TARGET_NAME = "mealtime (macOS)";
			};
			name = Release;
		};
/* End XCBuildConfiguration section */

/* Begin XCConfigurationList section */
		CBCB704228AF5DAA003DF9D6 /* Build configuration list for PBXProject "mealtime" */ = {
			isa = XCConfigurationList;
			buildConfigurations = (
				CBCB707228AF5DB0003DF9D6 /* Debug */,
				CBCB707328AF5DB0003DF9D6 /* Release */,
			);
			defaultConfigurationIsVisible = 0;
			defaultConfigurationName = Release;
		};
		CBCB707428AF5DB0003DF9D6 /* Build configuration list for PBXNativeTarget "mealtime (iOS)" */ = {
			isa = XCConfigurationList;
			buildConfigurations = (
				CBCB707528AF5DB0003DF9D6 /* Debug */,
				CBCB707628AF5DB0003DF9D6 /* Release */,
			);
			defaultConfigurationIsVisible = 0;
			defaultConfigurationName = Release;
		};
		CBCB707728AF5DB0003DF9D6 /* Build configuration list for PBXNativeTarget "mealtime (macOS)" */ = {
			isa = XCConfigurationList;
			buildConfigurations = (
				CBCB707828AF5DB0003DF9D6 /* Debug */,
				CBCB707928AF5DB0003DF9D6 /* Release */,
			);
			defaultConfigurationIsVisible = 0;
			defaultConfigurationName = Release;
		};
		CBCB707A28AF5DB0003DF9D6 /* Build configuration list for PBXNativeTarget "Tests iOS" */ = {
			isa = XCConfigurationList;
			buildConfigurations = (
				CBCB707B28AF5DB0003DF9D6 /* Debug */,
				CBCB707C28AF5DB0003DF9D6 /* Release */,
			);
			defaultConfigurationIsVisible = 0;
			defaultConfigurationName = Release;
		};
		CBCB707D28AF5DB0003DF9D6 /* Build configuration list for PBXNativeTarget "Tests macOS" */ = {
			isa = XCConfigurationList;
			buildConfigurations = (
				CBCB707E28AF5DB0003DF9D6 /* Debug */,
				CBCB707F28AF5DB0003DF9D6 /* Release */,
			);
			defaultConfigurationIsVisible = 0;
			defaultConfigurationName = Release;
		};
/* End XCConfigurationList section */

/* Begin XCRemoteSwiftPackageReference section */
		CB638AB52A23BC090097796E /* XCRemoteSwiftPackageReference "NeiSwift" */ = {
			isa = XCRemoteSwiftPackageReference;
			repositoryURL = "https://github.com/baekteun/NeiSwift.git";
			requirement = {
				kind = upToNextMajorVersion;
				minimumVersion = 1.0.0;
			};
		};
		CBAC8CFB2A19F9A700EE1AD6 /* XCRemoteSwiftPackageReference "DebouncedOnChange" */ = {
			isa = XCRemoteSwiftPackageReference;
			repositoryURL = "https://github.com/Tunous/DebouncedOnChange.git";
			requirement = {
				kind = upToNextMajorVersion;
				minimumVersion = 1.0.0;
			};
		};
/* End XCRemoteSwiftPackageReference section */

/* Begin XCSwiftPackageProductDependency section */
		CB638AB62A23BC090097796E /* AsyncNeiSwift */ = {
			isa = XCSwiftPackageProductDependency;
			package = CB638AB52A23BC090097796E /* XCRemoteSwiftPackageReference "NeiSwift" */;
			productName = AsyncNeiSwift;
		};
		CB638AB82A23BC090097796E /* CombineNeiSwift */ = {
			isa = XCSwiftPackageProductDependency;
			package = CB638AB52A23BC090097796E /* XCRemoteSwiftPackageReference "NeiSwift" */;
			productName = CombineNeiSwift;
		};
		CB638ABA2A23BC090097796E /* NeiSwift */ = {
			isa = XCSwiftPackageProductDependency;
			package = CB638AB52A23BC090097796E /* XCRemoteSwiftPackageReference "NeiSwift" */;
			productName = NeiSwift;
		};
		CBAC8CFC2A19F9A700EE1AD6 /* DebouncedOnChange */ = {
			isa = XCSwiftPackageProductDependency;
			package = CBAC8CFB2A19F9A700EE1AD6 /* XCRemoteSwiftPackageReference "DebouncedOnChange" */;
			productName = DebouncedOnChange;
		};
/* End XCSwiftPackageProductDependency section */
	};
	rootObject = CBCB703F28AF5DAA003DF9D6 /* Project object */;
}
